
Microsoft Visual Studio Solution File, Format Version 12.00
# Visual Studio Version 16
VisualStudioVersion = 16.0.31019.35
MinimumVisualStudioVersion = 10.0.40219.1
Project("{9A19103F-16F7-4668-BE54-9A1E7A4F7556}") = "XStatic", "XStatic\XStatic.csproj", "{0B565F30-023F-4B4C-BD6C-01EDAEA9D166}"
EndProject
Project("{FAE04EC0-301F-11D3-BF4B-00C04F79EFBC}") = "XStatic.Generator", "XStatic.Generator\XStatic.Generator.csproj", "{79BD7880-62AB-4695-A964-843121C48F6C}"
EndProject
Project("{FAE04EC0-301F-11D3-BF4B-00C04F79EFBC}") = "XStatic.Deploy", "XStatic.Deploy\XStatic.Deploy.csproj", "{0A2E625E-1B59-46BF-9521-BFB8EBD51615}"
EndProject
Global
	GlobalSection(SolutionConfigurationPlatforms) = preSolution
		Debug|Any CPU = Debug|Any CPU
		Release|Any CPU = Release|Any CPU
	EndGlobalSection
	GlobalSection(ProjectConfigurationPlatforms) = postSolution
		{0B565F30-023F-4B4C-BD6C-01EDAEA9D166}.Debug|Any CPU.ActiveCfg = Debug|Any CPU
		{0B565F30-023F-4B4C-BD6C-01EDAEA9D166}.Debug|Any CPU.Build.0 = Debug|Any CPU
		{0B565F30-023F-4B4C-BD6C-01EDAEA9D166}.Release|Any CPU.ActiveCfg = Release|Any CPU
		{0B565F30-023F-4B4C-BD6C-01EDAEA9D166}.Release|Any CPU.Build.0 = Release|Any CPU
		{79BD7880-62AB-4695-A964-843121C48F6C}.Debug|Any CPU.ActiveCfg = Debug|Any CPU
		{79BD7880-62AB-4695-A964-843121C48F6C}.Debug|Any CPU.Build.0 = Debug|Any CPU
		{79BD7880-62AB-4695-A964-843121C48F6C}.Release|Any CPU.ActiveCfg = Release|Any CPU
		{79BD7880-62AB-4695-A964-843121C48F6C}.Release|Any CPU.Build.0 = Release|Any CPU
		{0A2E625E-1B59-46BF-9521-BFB8EBD51615}.Debug|Any CPU.ActiveCfg = Debug|Any CPU
		{0A2E625E-1B59-46BF-9521-BFB8EBD51615}.Debug|Any CPU.Build.0 = Debug|Any CPU
		{0A2E625E-1B59-46BF-9521-BFB8EBD51615}.Release|Any CPU.ActiveCfg = Release|Any CPU
		{0A2E625E-1B59-46BF-9521-BFB8EBD51615}.Release|Any CPU.Build.0 = Release|Any CPU
	EndGlobalSection
	GlobalSection(SolutionProperties) = preSolution
		HideSolutionNode = FALSE
	EndGlobalSection
	GlobalSection(ExtensibilityGlobals) = postSolution
		SolutionGuid = {F379456F-DE78-46F5-B1E2-7CE04B51346A}
	EndGlobalSection
EndGlobal
