
Microsoft Visual Studio Solution File, Format Version 12.00
# Visual Studio Version 17
VisualStudioVersion = 17.8.34316.72
MinimumVisualStudioVersion = 10.0.40219.1
Project("{9A19103F-16F7-4668-BE54-9A1E7A4F7556}") = "XStatic", "XStatic\XStatic.csproj", "{0B565F30-023F-4B4C-BD6C-01EDAEA9D166}"
EndProject
Project("{9A19103F-16F7-4668-BE54-9A1E7A4F7556}") = "XStatic.Netlify", "XStatic.Netlify\XStatic.Netlify.csproj", "{E867F908-FFA5-4C0D-8A62-86509D24767C}"
EndProject
Project("{2150E333-8FDC-42A3-9474-1A3956D46DE8}") = "Plugins", "Plugins", "{314A3A25-88AA-4B6D-972D-3A98E9ECB80D}"
EndProject
Project("{9A19103F-16F7-4668-BE54-9A1E7A4F7556}") = "XStatic.Core", "XStatic.Core\XStatic.Core.csproj", "{0E7F35CC-323D-44AF-8EC0-69DF529011CA}"
EndProject
Project("{9A19103F-16F7-4668-BE54-9A1E7A4F7556}") = "XStatic.Git", "XStatic.Git\XStatic.Git.csproj", "{AC1C7F51-5220-4F56-AAA6-DBA1E1835B6A}"
EndProject
Project("{9A19103F-16F7-4668-BE54-9A1E7A4F7556}") = "XStatic.Ftp", "XStatic.Ftp\XStatic.Ftp.csproj", "{0458F77A-9EE8-4829-A622-8FFC9208B5FA}"
EndProject
Project("{9A19103F-16F7-4668-BE54-9A1E7A4F7556}") = "XStatic.UmbracoContentApi", "XStatic.UmbracoContentApi\XStatic.UmbracoContentApi.csproj", "{399EAE9A-03D1-49E1-9289-19D3B53F6D52}"
EndProject
Project("{2150E333-8FDC-42A3-9474-1A3956D46DE8}") = "14Plus", "14Plus", "{CFBCA908-713C-4639-B43D-E5FBA4E2666C}"
EndProject
Project("{9A19103F-16F7-4668-BE54-9A1E7A4F7556}") = "XStatic14", "XStatic14\XStatic14\XStatic14.csproj", "{D7D2EFE3-26E1-4999-87CA-78E4577CC37A}"
EndProject
Project("{9A19103F-16F7-4668-BE54-9A1E7A4F7556}") = "XStatic.Client", "XStatic14\XStatic14.Client\XStatic.Client.csproj", "{5788ED5B-7177-4676-A570-098213B8E784}"
EndProject
Project("{FAE04EC0-301F-11D3-BF4B-00C04F79EFBC}") = "XStatic.RemoteOperations", "XStatic.RemoteOperations\XStatic.RemoteOperations.csproj", "{3492547A-C156-4963-B4D9-AAFFEEE2F656}"
EndProject
Project("{FAE04EC0-301F-11D3-BF4B-00C04F79EFBC}") = "XStatic.Core.Tests", "XStatic.Core.Tests\XStatic.Core.Tests.csproj", "{954F68CF-12AC-4D86-AA5C-194B5AA267B2}"
EndProject
Global
	GlobalSection(SolutionConfigurationPlatforms) = preSolution
		Debug|Any CPU = Debug|Any CPU
		Debug|x64 = Debug|x64
		Debug|x86 = Debug|x86
		Release|Any CPU = Release|Any CPU
		Release|x64 = Release|x64
		Release|x86 = Release|x86
	EndGlobalSection
	GlobalSection(ProjectConfigurationPlatforms) = postSolution
		{0B565F30-023F-4B4C-BD6C-01EDAEA9D166}.Debug|Any CPU.ActiveCfg = Debug|Any CPU
		{0B565F30-023F-4B4C-BD6C-01EDAEA9D166}.Debug|Any CPU.Build.0 = Debug|Any CPU
		{0B565F30-023F-4B4C-BD6C-01EDAEA9D166}.Debug|x64.ActiveCfg = Debug|Any CPU
		{0B565F30-023F-4B4C-BD6C-01EDAEA9D166}.Debug|x64.Build.0 = Debug|Any CPU
		{0B565F30-023F-4B4C-BD6C-01EDAEA9D166}.Debug|x86.ActiveCfg = Debug|Any CPU
		{0B565F30-023F-4B4C-BD6C-01EDAEA9D166}.Debug|x86.Build.0 = Debug|Any CPU
		{0B565F30-023F-4B4C-BD6C-01EDAEA9D166}.Release|Any CPU.ActiveCfg = Release|Any CPU
		{0B565F30-023F-4B4C-BD6C-01EDAEA9D166}.Release|Any CPU.Build.0 = Release|Any CPU
		{0B565F30-023F-4B4C-BD6C-01EDAEA9D166}.Release|x64.ActiveCfg = Release|Any CPU
		{0B565F30-023F-4B4C-BD6C-01EDAEA9D166}.Release|x64.Build.0 = Release|Any CPU
		{0B565F30-023F-4B4C-BD6C-01EDAEA9D166}.Release|x86.ActiveCfg = Release|Any CPU
		{0B565F30-023F-4B4C-BD6C-01EDAEA9D166}.Release|x86.Build.0 = Release|Any CPU
		{E867F908-FFA5-4C0D-8A62-86509D24767C}.Debug|Any CPU.ActiveCfg = Debug|Any CPU
		{E867F908-FFA5-4C0D-8A62-86509D24767C}.Debug|Any CPU.Build.0 = Debug|Any CPU
		{E867F908-FFA5-4C0D-8A62-86509D24767C}.Debug|x64.ActiveCfg = Debug|Any CPU
		{E867F908-FFA5-4C0D-8A62-86509D24767C}.Debug|x64.Build.0 = Debug|Any CPU
		{E867F908-FFA5-4C0D-8A62-86509D24767C}.Debug|x86.ActiveCfg = Debug|Any CPU
		{E867F908-FFA5-4C0D-8A62-86509D24767C}.Debug|x86.Build.0 = Debug|Any CPU
		{E867F908-FFA5-4C0D-8A62-86509D24767C}.Release|Any CPU.ActiveCfg = Release|Any CPU
		{E867F908-FFA5-4C0D-8A62-86509D24767C}.Release|Any CPU.Build.0 = Release|Any CPU
		{E867F908-FFA5-4C0D-8A62-86509D24767C}.Release|x64.ActiveCfg = Release|Any CPU
		{E867F908-FFA5-4C0D-8A62-86509D24767C}.Release|x64.Build.0 = Release|Any CPU
		{E867F908-FFA5-4C0D-8A62-86509D24767C}.Release|x86.ActiveCfg = Release|Any CPU
		{E867F908-FFA5-4C0D-8A62-86509D24767C}.Release|x86.Build.0 = Release|Any CPU
		{0E7F35CC-323D-44AF-8EC0-69DF529011CA}.Debug|Any CPU.ActiveCfg = Debug|Any CPU
		{0E7F35CC-323D-44AF-8EC0-69DF529011CA}.Debug|Any CPU.Build.0 = Debug|Any CPU
		{0E7F35CC-323D-44AF-8EC0-69DF529011CA}.Debug|x64.ActiveCfg = Debug|Any CPU
		{0E7F35CC-323D-44AF-8EC0-69DF529011CA}.Debug|x64.Build.0 = Debug|Any CPU
		{0E7F35CC-323D-44AF-8EC0-69DF529011CA}.Debug|x86.ActiveCfg = Debug|Any CPU
		{0E7F35CC-323D-44AF-8EC0-69DF529011CA}.Debug|x86.Build.0 = Debug|Any CPU
		{0E7F35CC-323D-44AF-8EC0-69DF529011CA}.Release|Any CPU.ActiveCfg = Release|Any CPU
		{0E7F35CC-323D-44AF-8EC0-69DF529011CA}.Release|Any CPU.Build.0 = Release|Any CPU
		{0E7F35CC-323D-44AF-8EC0-69DF529011CA}.Release|x64.ActiveCfg = Release|Any CPU
		{0E7F35CC-323D-44AF-8EC0-69DF529011CA}.Release|x64.Build.0 = Release|Any CPU
		{0E7F35CC-323D-44AF-8EC0-69DF529011CA}.Release|x86.ActiveCfg = Release|Any CPU
		{0E7F35CC-323D-44AF-8EC0-69DF529011CA}.Release|x86.Build.0 = Release|Any CPU
		{AC1C7F51-5220-4F56-AAA6-DBA1E1835B6A}.Debug|Any CPU.ActiveCfg = Debug|Any CPU
		{AC1C7F51-5220-4F56-AAA6-DBA1E1835B6A}.Debug|Any CPU.Build.0 = Debug|Any CPU
		{AC1C7F51-5220-4F56-AAA6-DBA1E1835B6A}.Debug|x64.ActiveCfg = Debug|Any CPU
		{AC1C7F51-5220-4F56-AAA6-DBA1E1835B6A}.Debug|x64.Build.0 = Debug|Any CPU
		{AC1C7F51-5220-4F56-AAA6-DBA1E1835B6A}.Debug|x86.ActiveCfg = Debug|Any CPU
		{AC1C7F51-5220-4F56-AAA6-DBA1E1835B6A}.Debug|x86.Build.0 = Debug|Any CPU
		{AC1C7F51-5220-4F56-AAA6-DBA1E1835B6A}.Release|Any CPU.ActiveCfg = Release|Any CPU
		{AC1C7F51-5220-4F56-AAA6-DBA1E1835B6A}.Release|Any CPU.Build.0 = Release|Any CPU
		{AC1C7F51-5220-4F56-AAA6-DBA1E1835B6A}.Release|x64.ActiveCfg = Release|Any CPU
		{AC1C7F51-5220-4F56-AAA6-DBA1E1835B6A}.Release|x64.Build.0 = Release|Any CPU
		{AC1C7F51-5220-4F56-AAA6-DBA1E1835B6A}.Release|x86.ActiveCfg = Release|Any CPU
		{AC1C7F51-5220-4F56-AAA6-DBA1E1835B6A}.Release|x86.Build.0 = Release|Any CPU
		{0458F77A-9EE8-4829-A622-8FFC9208B5FA}.Debug|Any CPU.ActiveCfg = Debug|Any CPU
		{0458F77A-9EE8-4829-A622-8FFC9208B5FA}.Debug|Any CPU.Build.0 = Debug|Any CPU
		{0458F77A-9EE8-4829-A622-8FFC9208B5FA}.Debug|x64.ActiveCfg = Debug|Any CPU
		{0458F77A-9EE8-4829-A622-8FFC9208B5FA}.Debug|x64.Build.0 = Debug|Any CPU
		{0458F77A-9EE8-4829-A622-8FFC9208B5FA}.Debug|x86.ActiveCfg = Debug|Any CPU
		{0458F77A-9EE8-4829-A622-8FFC9208B5FA}.Debug|x86.Build.0 = Debug|Any CPU
		{0458F77A-9EE8-4829-A622-8FFC9208B5FA}.Release|Any CPU.ActiveCfg = Release|Any CPU
		{0458F77A-9EE8-4829-A622-8FFC9208B5FA}.Release|Any CPU.Build.0 = Release|Any CPU
		{0458F77A-9EE8-4829-A622-8FFC9208B5FA}.Release|x64.ActiveCfg = Release|Any CPU
		{0458F77A-9EE8-4829-A622-8FFC9208B5FA}.Release|x64.Build.0 = Release|Any CPU
		{0458F77A-9EE8-4829-A622-8FFC9208B5FA}.Release|x86.ActiveCfg = Release|Any CPU
		{0458F77A-9EE8-4829-A622-8FFC9208B5FA}.Release|x86.Build.0 = Release|Any CPU
		{399EAE9A-03D1-49E1-9289-19D3B53F6D52}.Debug|Any CPU.ActiveCfg = Debug|Any CPU
		{399EAE9A-03D1-49E1-9289-19D3B53F6D52}.Debug|Any CPU.Build.0 = Debug|Any CPU
		{399EAE9A-03D1-49E1-9289-19D3B53F6D52}.Debug|x64.ActiveCfg = Debug|Any CPU
		{399EAE9A-03D1-49E1-9289-19D3B53F6D52}.Debug|x64.Build.0 = Debug|Any CPU
		{399EAE9A-03D1-49E1-9289-19D3B53F6D52}.Debug|x86.ActiveCfg = Debug|Any CPU
		{399EAE9A-03D1-49E1-9289-19D3B53F6D52}.Debug|x86.Build.0 = Debug|Any CPU
		{399EAE9A-03D1-49E1-9289-19D3B53F6D52}.Release|Any CPU.ActiveCfg = Release|Any CPU
		{399EAE9A-03D1-49E1-9289-19D3B53F6D52}.Release|Any CPU.Build.0 = Release|Any CPU
		{399EAE9A-03D1-49E1-9289-19D3B53F6D52}.Release|x64.ActiveCfg = Release|Any CPU
		{399EAE9A-03D1-49E1-9289-19D3B53F6D52}.Release|x64.Build.0 = Release|Any CPU
		{399EAE9A-03D1-49E1-9289-19D3B53F6D52}.Release|x86.ActiveCfg = Release|Any CPU
		{399EAE9A-03D1-49E1-9289-19D3B53F6D52}.Release|x86.Build.0 = Release|Any CPU
		{D7D2EFE3-26E1-4999-87CA-78E4577CC37A}.Debug|Any CPU.ActiveCfg = Debug|Any CPU
		{D7D2EFE3-26E1-4999-87CA-78E4577CC37A}.Debug|Any CPU.Build.0 = Debug|Any CPU
		{D7D2EFE3-26E1-4999-87CA-78E4577CC37A}.Debug|x64.ActiveCfg = Debug|Any CPU
		{D7D2EFE3-26E1-4999-87CA-78E4577CC37A}.Debug|x64.Build.0 = Debug|Any CPU
		{D7D2EFE3-26E1-4999-87CA-78E4577CC37A}.Debug|x86.ActiveCfg = Debug|Any CPU
		{D7D2EFE3-26E1-4999-87CA-78E4577CC37A}.Debug|x86.Build.0 = Debug|Any CPU
		{D7D2EFE3-26E1-4999-87CA-78E4577CC37A}.Release|Any CPU.ActiveCfg = Release|Any CPU
		{D7D2EFE3-26E1-4999-87CA-78E4577CC37A}.Release|Any CPU.Build.0 = Release|Any CPU
		{D7D2EFE3-26E1-4999-87CA-78E4577CC37A}.Release|x64.ActiveCfg = Release|Any CPU
		{D7D2EFE3-26E1-4999-87CA-78E4577CC37A}.Release|x64.Build.0 = Release|Any CPU
		{D7D2EFE3-26E1-4999-87CA-78E4577CC37A}.Release|x86.ActiveCfg = Release|Any CPU
		{D7D2EFE3-26E1-4999-87CA-78E4577CC37A}.Release|x86.Build.0 = Release|Any CPU
		{5788ED5B-7177-4676-A570-098213B8E784}.Debug|Any CPU.ActiveCfg = Debug|Any CPU
		{5788ED5B-7177-4676-A570-098213B8E784}.Debug|Any CPU.Build.0 = Debug|Any CPU
		{5788ED5B-7177-4676-A570-098213B8E784}.Debug|x64.ActiveCfg = Debug|Any CPU
		{5788ED5B-7177-4676-A570-098213B8E784}.Debug|x64.Build.0 = Debug|Any CPU
		{5788ED5B-7177-4676-A570-098213B8E784}.Debug|x86.ActiveCfg = Debug|Any CPU
		{5788ED5B-7177-4676-A570-098213B8E784}.Debug|x86.Build.0 = Debug|Any CPU
		{5788ED5B-7177-4676-A570-098213B8E784}.Release|Any CPU.ActiveCfg = Release|Any CPU
		{5788ED5B-7177-4676-A570-098213B8E784}.Release|Any CPU.Build.0 = Release|Any CPU
		{5788ED5B-7177-4676-A570-098213B8E784}.Release|x64.ActiveCfg = Release|Any CPU
		{5788ED5B-7177-4676-A570-098213B8E784}.Release|x64.Build.0 = Release|Any CPU
		{5788ED5B-7177-4676-A570-098213B8E784}.Release|x86.ActiveCfg = Release|Any CPU
		{5788ED5B-7177-4676-A570-098213B8E784}.Release|x86.Build.0 = Release|Any CPU
		{3492547A-C156-4963-B4D9-AAFFEEE2F656}.Debug|Any CPU.ActiveCfg = Debug|Any CPU
		{3492547A-C156-4963-B4D9-AAFFEEE2F656}.Debug|Any CPU.Build.0 = Debug|Any CPU
		{3492547A-C156-4963-B4D9-AAFFEEE2F656}.Debug|x64.ActiveCfg = Debug|Any CPU
		{3492547A-C156-4963-B4D9-AAFFEEE2F656}.Debug|x64.Build.0 = Debug|Any CPU
		{3492547A-C156-4963-B4D9-AAFFEEE2F656}.Debug|x86.ActiveCfg = Debug|Any CPU
		{3492547A-C156-4963-B4D9-AAFFEEE2F656}.Debug|x86.Build.0 = Debug|Any CPU
		{3492547A-C156-4963-B4D9-AAFFEEE2F656}.Release|Any CPU.ActiveCfg = Release|Any CPU
		{3492547A-C156-4963-B4D9-AAFFEEE2F656}.Release|Any CPU.Build.0 = Release|Any CPU
		{3492547A-C156-4963-B4D9-AAFFEEE2F656}.Release|x64.ActiveCfg = Release|Any CPU
		{3492547A-C156-4963-B4D9-AAFFEEE2F656}.Release|x64.Build.0 = Release|Any CPU
		{3492547A-C156-4963-B4D9-AAFFEEE2F656}.Release|x86.ActiveCfg = Release|Any CPU
		{3492547A-C156-4963-B4D9-AAFFEEE2F656}.Release|x86.Build.0 = Release|Any CPU
		{954F68CF-12AC-4D86-AA5C-194B5AA267B2}.Debug|Any CPU.ActiveCfg = Debug|Any CPU
		{954F68CF-12AC-4D86-AA5C-194B5AA267B2}.Debug|Any CPU.Build.0 = Debug|Any CPU
		{954F68CF-12AC-4D86-AA5C-194B5AA267B2}.Debug|x64.ActiveCfg = Debug|Any CPU
		{954F68CF-12AC-4D86-AA5C-194B5AA267B2}.Debug|x64.Build.0 = Debug|Any CPU
		{954F68CF-12AC-4D86-AA5C-194B5AA267B2}.Debug|x86.ActiveCfg = Debug|Any CPU
		{954F68CF-12AC-4D86-AA5C-194B5AA267B2}.Debug|x86.Build.0 = Debug|Any CPU
		{954F68CF-12AC-4D86-AA5C-194B5AA267B2}.Release|Any CPU.ActiveCfg = Release|Any CPU
		{954F68CF-12AC-4D86-AA5C-194B5AA267B2}.Release|Any CPU.Build.0 = Release|Any CPU
		{954F68CF-12AC-4D86-AA5C-194B5AA267B2}.Release|x64.ActiveCfg = Release|Any CPU
		{954F68CF-12AC-4D86-AA5C-194B5AA267B2}.Release|x64.Build.0 = Release|Any CPU
		{954F68CF-12AC-4D86-AA5C-194B5AA267B2}.Release|x86.ActiveCfg = Release|Any CPU
		{954F68CF-12AC-4D86-AA5C-194B5AA267B2}.Release|x86.Build.0 = Release|Any CPU
	EndGlobalSection
	GlobalSection(SolutionProperties) = preSolution
		HideSolutionNode = FALSE
	EndGlobalSection
	GlobalSection(NestedProjects) = preSolution
		{E867F908-FFA5-4C0D-8A62-86509D24767C} = {314A3A25-88AA-4B6D-972D-3A98E9ECB80D}
		{AC1C7F51-5220-4F56-AAA6-DBA1E1835B6A} = {314A3A25-88AA-4B6D-972D-3A98E9ECB80D}
		{0458F77A-9EE8-4829-A622-8FFC9208B5FA} = {314A3A25-88AA-4B6D-972D-3A98E9ECB80D}
		{399EAE9A-03D1-49E1-9289-19D3B53F6D52} = {314A3A25-88AA-4B6D-972D-3A98E9ECB80D}
		{D7D2EFE3-26E1-4999-87CA-78E4577CC37A} = {CFBCA908-713C-4639-B43D-E5FBA4E2666C}
		{5788ED5B-7177-4676-A570-098213B8E784} = {CFBCA908-713C-4639-B43D-E5FBA4E2666C}
		{3492547A-C156-4963-B4D9-AAFFEEE2F656} = {314A3A25-88AA-4B6D-972D-3A98E9ECB80D}
	EndGlobalSection
	GlobalSection(ExtensibilityGlobals) = postSolution
		SolutionGuid = {F379456F-DE78-46F5-B1E2-7CE04B51346A}
	EndGlobalSection
EndGlobal
