
Microsoft Visual Studio Solution File, Format Version 12.00
# Visual Studio Version 16
VisualStudioVersion = 16.0.30011.22
MinimumVisualStudioVersion = 10.0.40219.1
Project("{FAE04EC0-301F-11D3-BF4B-00C04F79EFBC}") = "XStatic.Website", "XStatic.Website\XStatic.Website.csproj", "{C1D53137-A5D9-438C-8507-8FC3974290C5}"
EndProject
Project("{FAE04EC0-301F-11D3-BF4B-00C04F79EFBC}") = "XStatic.Plugin", "XStatic.Plugin\XStatic.Plugin.csproj", "{31773B32-EDA1-46DC-8F02-BA00D2C3D25B}"
EndProject
Project("{FAE04EC0-301F-11D3-BF4B-00C04F79EFBC}") = "XStatic.Generator", "XStatic.Generator\XStatic.Generator.csproj", "{E37C384A-53F9-4ED2-B315-180D8B0ADEF6}"
EndProject
Global
	GlobalSection(SolutionConfigurationPlatforms) = preSolution
		Debug|Any CPU = Debug|Any CPU
		Release|Any CPU = Release|Any CPU
	EndGlobalSection
	GlobalSection(ProjectConfigurationPlatforms) = postSolution
		{C1D53137-A5D9-438C-8507-8FC3974290C5}.Debug|Any CPU.ActiveCfg = Debug|Any CPU
		{C1D53137-A5D9-438C-8507-8FC3974290C5}.Debug|Any CPU.Build.0 = Debug|Any CPU
		{C1D53137-A5D9-438C-8507-8FC3974290C5}.Release|Any CPU.ActiveCfg = Release|Any CPU
		{C1D53137-A5D9-438C-8507-8FC3974290C5}.Release|Any CPU.Build.0 = Release|Any CPU
		{31773B32-EDA1-46DC-8F02-BA00D2C3D25B}.Debug|Any CPU.ActiveCfg = Debug|Any CPU
		{31773B32-EDA1-46DC-8F02-BA00D2C3D25B}.Debug|Any CPU.Build.0 = Debug|Any CPU
		{31773B32-EDA1-46DC-8F02-BA00D2C3D25B}.Release|Any CPU.ActiveCfg = Release|Any CPU
		{31773B32-EDA1-46DC-8F02-BA00D2C3D25B}.Release|Any CPU.Build.0 = Release|Any CPU
		{E37C384A-53F9-4ED2-B315-180D8B0ADEF6}.Debug|Any CPU.ActiveCfg = Debug|Any CPU
		{E37C384A-53F9-4ED2-B315-180D8B0ADEF6}.Debug|Any CPU.Build.0 = Debug|Any CPU
		{E37C384A-53F9-4ED2-B315-180D8B0ADEF6}.Release|Any CPU.ActiveCfg = Release|Any CPU
		{E37C384A-53F9-4ED2-B315-180D8B0ADEF6}.Release|Any CPU.Build.0 = Release|Any CPU
	EndGlobalSection
	GlobalSection(SolutionProperties) = preSolution
		HideSolutionNode = FALSE
	EndGlobalSection
	GlobalSection(ExtensibilityGlobals) = postSolution
		SolutionGuid = {490C45DA-FD0B-4ED6-B887-AD04A10F533C}
	EndGlobalSection
EndGlobal
